
Microsoft Visual Studio Solution File, Format Version 12.00
# Visual Studio Version 17
VisualStudioVersion = 17.13.35818.85
MinimumVisualStudioVersion = 10.0.40219.1
Project("{FAE04EC0-301F-11D3-BF4B-00C04F79EFBC}") = "Mock Project", "Mock Project\Mock Project.csproj", "{DEADAFA1-6520-4E24-8221-970652ACE211}"
EndProject
Global
	GlobalSection(SolutionConfigurationPlatforms) = preSolution
		Debug|Any CPU = Debug|Any CPU
		Release|Any CPU = Release|Any CPU
	EndGlobalSection
	GlobalSection(ProjectConfigurationPlatforms) = postSolution
		{DEADAFA1-6520-4E24-8221-970652ACE211}.Debug|Any CPU.ActiveCfg = Debug|Any CPU
		{DEADAFA1-6520-4E24-8221-970652ACE211}.Debug|Any CPU.Build.0 = Debug|Any CPU
		{DEADAFA1-6520-4E24-8221-970652ACE211}.Release|Any CPU.ActiveCfg = Release|Any CPU
		{DEADAFA1-6520-4E24-8221-970652ACE211}.Release|Any CPU.Build.0 = Release|Any CPU
	EndGlobalSection
	GlobalSection(SolutionProperties) = preSolution
		HideSolutionNode = FALSE
	EndGlobalSection
	GlobalSection(ExtensibilityGlobals) = postSolution
		SolutionGuid = {3209893A-3297-47E2-BA32-A272345E6584}
	EndGlobalSection
EndGlobal
